// !$*UTF8*$!
{
	archiveVersion = 1;
	classes = {
	};
	objectVersion = 48;
	objects = {

/* Begin PBXBuildFile section */
		81806B4E9A11FE669559096F /* Pods_SJInstantMessage.framework in Frameworks */ = {isa = PBXBuildFile; fileRef = 4A7B03F61BF4865233549505 /* Pods_SJInstantMessage.framework */; };
		F4DCD9781FCD4C660097ADFC /* AppDelegate.m in Sources */ = {isa = PBXBuildFile; fileRef = F4DCD9771FCD4C660097ADFC /* AppDelegate.m */; };
		F4DCD97E1FCD4C660097ADFC /* Main.storyboard in Resources */ = {isa = PBXBuildFile; fileRef = F4DCD97C1FCD4C660097ADFC /* Main.storyboard */; };
		F4DCD9801FCD4C660097ADFC /* Assets.xcassets in Resources */ = {isa = PBXBuildFile; fileRef = F4DCD97F1FCD4C660097ADFC /* Assets.xcassets */; };
		F4DCD9831FCD4C660097ADFC /* LaunchScreen.storyboard in Resources */ = {isa = PBXBuildFile; fileRef = F4DCD9811FCD4C660097ADFC /* LaunchScreen.storyboard */; };
		F4DCD9861FCD4C660097ADFC /* main.m in Sources */ = {isa = PBXBuildFile; fileRef = F4DCD9851FCD4C660097ADFC /* main.m */; };
		F4DCD99C1FCD519E0097ADFC /* SJTabBarController.m in Sources */ = {isa = PBXBuildFile; fileRef = F4DCD9921FCD519D0097ADFC /* SJTabBarController.m */; };
		F4DCD99D1FCD519E0097ADFC /* SJBaseViewController.m in Sources */ = {isa = PBXBuildFile; fileRef = F4DCD9951FCD519D0097ADFC /* SJBaseViewController.m */; };
		F4DCD99E1FCD519E0097ADFC /* SJTableViewController.m in Sources */ = {isa = PBXBuildFile; fileRef = F4DCD9981FCD519D0097ADFC /* SJTableViewController.m */; };
		F4DCD99F1FCD519E0097ADFC /* SJNavigationController.m in Sources */ = {isa = PBXBuildFile; fileRef = F4DCD99B1FCD519E0097ADFC /* SJNavigationController.m */; };
		F4DCD9A81FCD52350097ADFC /* UIImage+SJ.m in Sources */ = {isa = PBXBuildFile; fileRef = F4DCD9A51FCD52350097ADFC /* UIImage+SJ.m */; };
		F4DCD9A91FCD52350097ADFC /* NSString+SJ.m in Sources */ = {isa = PBXBuildFile; fileRef = F4DCD9A61FCD52350097ADFC /* NSString+SJ.m */; };
		F4DCD9B01FCD54200097ADFC /* SJLoginViewController.m in Sources */ = {isa = PBXBuildFile; fileRef = F4DCD9AE1FCD54200097ADFC /* SJLoginViewController.m */; };
		F4DCD9B11FCD54200097ADFC /* SJLoginViewController.xib in Resources */ = {isa = PBXBuildFile; fileRef = F4DCD9AF1FCD54200097ADFC /* SJLoginViewController.xib */; };
		F4DCD9B61FCD60990097ADFC /* SJBaseViewModel.m in Sources */ = {isa = PBXBuildFile; fileRef = F4DCD9B51FCD60990097ADFC /* SJBaseViewModel.m */; };
		F4DCD9B91FCD60AE0097ADFC /* SJLoginViewModel.m in Sources */ = {isa = PBXBuildFile; fileRef = F4DCD9B81FCD60AE0097ADFC /* SJLoginViewModel.m */; };
/* End PBXBuildFile section */

/* Begin PBXFileReference section */
		093DEC0A9BEC9962CC5C7C9F /* Pods-SJInstantMessage.debug.xcconfig */ = {isa = PBXFileReference; includeInIndex = 1; lastKnownFileType = text.xcconfig; name = "Pods-SJInstantMessage.debug.xcconfig"; path = "Pods/Target Support Files/Pods-SJInstantMessage/Pods-SJInstantMessage.debug.xcconfig"; sourceTree = "<group>"; };
		4A15C05EBD15EC2F6F95069A /* Pods-SJInstantMessage.release.xcconfig */ = {isa = PBXFileReference; includeInIndex = 1; lastKnownFileType = text.xcconfig; name = "Pods-SJInstantMessage.release.xcconfig"; path = "Pods/Target Support Files/Pods-SJInstantMessage/Pods-SJInstantMessage.release.xcconfig"; sourceTree = "<group>"; };
		4A7B03F61BF4865233549505 /* Pods_SJInstantMessage.framework */ = {isa = PBXFileReference; explicitFileType = wrapper.framework; includeInIndex = 0; path = Pods_SJInstantMessage.framework; sourceTree = BUILT_PRODUCTS_DIR; };
		F4DCD9731FCD4C660097ADFC /* SJInstantMessage.app */ = {isa = PBXFileReference; explicitFileType = wrapper.application; includeInIndex = 0; path = SJInstantMessage.app; sourceTree = BUILT_PRODUCTS_DIR; };
		F4DCD9761FCD4C660097ADFC /* AppDelegate.h */ = {isa = PBXFileReference; lastKnownFileType = sourcecode.c.h; path = AppDelegate.h; sourceTree = "<group>"; };
		F4DCD9771FCD4C660097ADFC /* AppDelegate.m */ = {isa = PBXFileReference; lastKnownFileType = sourcecode.c.objc; path = AppDelegate.m; sourceTree = "<group>"; };
		F4DCD97D1FCD4C660097ADFC /* Base */ = {isa = PBXFileReference; lastKnownFileType = file.storyboard; name = Base; path = Base.lproj/Main.storyboard; sourceTree = "<group>"; };
		F4DCD97F1FCD4C660097ADFC /* Assets.xcassets */ = {isa = PBXFileReference; lastKnownFileType = folder.assetcatalog; path = Assets.xcassets; sourceTree = "<group>"; };
		F4DCD9821FCD4C660097ADFC /* Base */ = {isa = PBXFileReference; lastKnownFileType = file.storyboard; name = Base; path = Base.lproj/LaunchScreen.storyboard; sourceTree = "<group>"; };
		F4DCD9841FCD4C660097ADFC /* Info.plist */ = {isa = PBXFileReference; lastKnownFileType = text.plist.xml; path = Info.plist; sourceTree = "<group>"; };
		F4DCD9851FCD4C660097ADFC /* main.m */ = {isa = PBXFileReference; lastKnownFileType = sourcecode.c.objc; path = main.m; sourceTree = "<group>"; };
		F4DCD98C1FCD4DBF0097ADFC /* SJInstantMessage.entitlements */ = {isa = PBXFileReference; lastKnownFileType = text.plist.entitlements; path = SJInstantMessage.entitlements; sourceTree = "<group>"; };
		F4DCD9921FCD519D0097ADFC /* SJTabBarController.m */ = {isa = PBXFileReference; fileEncoding = 4; lastKnownFileType = sourcecode.c.objc; path = SJTabBarController.m; sourceTree = "<group>"; };
		F4DCD9931FCD519D0097ADFC /* SJTabBarController.h */ = {isa = PBXFileReference; fileEncoding = 4; lastKnownFileType = sourcecode.c.h; path = SJTabBarController.h; sourceTree = "<group>"; };
		F4DCD9951FCD519D0097ADFC /* SJBaseViewController.m */ = {isa = PBXFileReference; fileEncoding = 4; lastKnownFileType = sourcecode.c.objc; path = SJBaseViewController.m; sourceTree = "<group>"; };
		F4DCD9961FCD519D0097ADFC /* SJTableViewController.h */ = {isa = PBXFileReference; fileEncoding = 4; lastKnownFileType = sourcecode.c.h; path = SJTableViewController.h; sourceTree = "<group>"; };
		F4DCD9971FCD519D0097ADFC /* SJBaseViewController.h */ = {isa = PBXFileReference; fileEncoding = 4; lastKnownFileType = sourcecode.c.h; path = SJBaseViewController.h; sourceTree = "<group>"; };
		F4DCD9981FCD519D0097ADFC /* SJTableViewController.m */ = {isa = PBXFileReference; fileEncoding = 4; lastKnownFileType = sourcecode.c.objc; path = SJTableViewController.m; sourceTree = "<group>"; };
		F4DCD99A1FCD519E0097ADFC /* SJNavigationController.h */ = {isa = PBXFileReference; fileEncoding = 4; lastKnownFileType = sourcecode.c.h; path = SJNavigationController.h; sourceTree = "<group>"; };
		F4DCD99B1FCD519E0097ADFC /* SJNavigationController.m */ = {isa = PBXFileReference; fileEncoding = 4; lastKnownFileType = sourcecode.c.objc; path = SJNavigationController.m; sourceTree = "<group>"; };
		F4DCD9A11FCD51FB0097ADFC /* SJAppFunc.h */ = {isa = PBXFileReference; lastKnownFileType = sourcecode.c.h; path = SJAppFunc.h; sourceTree = "<group>"; };
		F4DCD9A41FCD52350097ADFC /* NSString+SJ.h */ = {isa = PBXFileReference; fileEncoding = 4; lastKnownFileType = sourcecode.c.h; path = "NSString+SJ.h"; sourceTree = "<group>"; };
		F4DCD9A51FCD52350097ADFC /* UIImage+SJ.m */ = {isa = PBXFileReference; fileEncoding = 4; lastKnownFileType = sourcecode.c.objc; path = "UIImage+SJ.m"; sourceTree = "<group>"; };
		F4DCD9A61FCD52350097ADFC /* NSString+SJ.m */ = {isa = PBXFileReference; fileEncoding = 4; lastKnownFileType = sourcecode.c.objc; path = "NSString+SJ.m"; sourceTree = "<group>"; };
		F4DCD9A71FCD52350097ADFC /* UIImage+SJ.h */ = {isa = PBXFileReference; fileEncoding = 4; lastKnownFileType = sourcecode.c.h; path = "UIImage+SJ.h"; sourceTree = "<group>"; };
		F4DCD9AD1FCD54200097ADFC /* SJLoginViewController.h */ = {isa = PBXFileReference; fileEncoding = 4; lastKnownFileType = sourcecode.c.h; path = SJLoginViewController.h; sourceTree = "<group>"; };
		F4DCD9AE1FCD54200097ADFC /* SJLoginViewController.m */ = {isa = PBXFileReference; fileEncoding = 4; lastKnownFileType = sourcecode.c.objc; path = SJLoginViewController.m; sourceTree = "<group>"; };
		F4DCD9AF1FCD54200097ADFC /* SJLoginViewController.xib */ = {isa = PBXFileReference; fileEncoding = 4; lastKnownFileType = file.xib; path = SJLoginViewController.xib; sourceTree = "<group>"; };
		F4DCD9B41FCD60990097ADFC /* SJBaseViewModel.h */ = {isa = PBXFileReference; lastKnownFileType = sourcecode.c.h; path = SJBaseViewModel.h; sourceTree = "<group>"; };
		F4DCD9B51FCD60990097ADFC /* SJBaseViewModel.m */ = {isa = PBXFileReference; lastKnownFileType = sourcecode.c.objc; path = SJBaseViewModel.m; sourceTree = "<group>"; };
		F4DCD9B71FCD60AE0097ADFC /* SJLoginViewModel.h */ = {isa = PBXFileReference; lastKnownFileType = sourcecode.c.h; path = SJLoginViewModel.h; sourceTree = "<group>"; };
		F4DCD9B81FCD60AE0097ADFC /* SJLoginViewModel.m */ = {isa = PBXFileReference; lastKnownFileType = sourcecode.c.objc; path = SJLoginViewModel.m; sourceTree = "<group>"; };
/* End PBXFileReference section */

/* Begin PBXFrameworksBuildPhase section */
		F4DCD9701FCD4C660097ADFC /* Frameworks */ = {
			isa = PBXFrameworksBuildPhase;
			buildActionMask = 2147483647;
			files = (
				81806B4E9A11FE669559096F /* Pods_SJInstantMessage.framework in Frameworks */,
			);
			runOnlyForDeploymentPostprocessing = 0;
		};
/* End PBXFrameworksBuildPhase section */

/* Begin PBXGroup section */
		084BD5A7DF6ADB8B741EC9DD /* Pods */ = {
			isa = PBXGroup;
			children = (
				093DEC0A9BEC9962CC5C7C9F /* Pods-SJInstantMessage.debug.xcconfig */,
				4A15C05EBD15EC2F6F95069A /* Pods-SJInstantMessage.release.xcconfig */,
			);
			name = Pods;
			sourceTree = "<group>";
		};
		6B94E0653631AB74A484DF65 /* Frameworks */ = {
			isa = PBXGroup;
			children = (
				4A7B03F61BF4865233549505 /* Pods_SJInstantMessage.framework */,
			);
			name = Frameworks;
			sourceTree = "<group>";
		};
		F4DCD96A1FCD4C660097ADFC = {
			isa = PBXGroup;
			children = (
				F4DCD9751FCD4C660097ADFC /* SJInstantMessage */,
				F4DCD9741FCD4C660097ADFC /* Products */,
				084BD5A7DF6ADB8B741EC9DD /* Pods */,
				6B94E0653631AB74A484DF65 /* Frameworks */,
			);
			sourceTree = "<group>";
		};
		F4DCD9741FCD4C660097ADFC /* Products */ = {
			isa = PBXGroup;
			children = (
				F4DCD9731FCD4C660097ADFC /* SJInstantMessage.app */,
			);
			name = Products;
			sourceTree = "<group>";
		};
		F4DCD9751FCD4C660097ADFC /* SJInstantMessage */ = {
			isa = PBXGroup;
			children = (
				F4DCD9AA1FCD53D00097ADFC /* Modules */,
				F4DCD9A21FCD52200097ADFC /* Tools */,
				F4DCD9A01FCD51D20097ADFC /* Macro */,
				F4DCD9901FCD513B0097ADFC /* Foundation */,
				F4DCD98F1FCD512B0097ADFC /* AppDelegate */,
				F4DCD98D1FCD50770097ADFC /* Resources */,
				F4DCD98C1FCD4DBF0097ADFC /* SJInstantMessage.entitlements */,
			);
			path = SJInstantMessage;
			sourceTree = "<group>";
		};
		F4DCD98D1FCD50770097ADFC /* Resources */ = {
			isa = PBXGroup;
			children = (
				F4DCD98E1FCD509D0097ADFC /* Storyboard */,
				F4DCD9851FCD4C660097ADFC /* main.m */,
				F4DCD9841FCD4C660097ADFC /* Info.plist */,
				F4DCD97F1FCD4C660097ADFC /* Assets.xcassets */,
			);
			path = Resources;
			sourceTree = "<group>";
		};
		F4DCD98E1FCD509D0097ADFC /* Storyboard */ = {
			isa = PBXGroup;
			children = (
				F4DCD9811FCD4C660097ADFC /* LaunchScreen.storyboard */,
				F4DCD97C1FCD4C660097ADFC /* Main.storyboard */,
			);
			path = Storyboard;
			sourceTree = "<group>";
		};
		F4DCD98F1FCD512B0097ADFC /* AppDelegate */ = {
			isa = PBXGroup;
			children = (
				F4DCD9761FCD4C660097ADFC /* AppDelegate.h */,
				F4DCD9771FCD4C660097ADFC /* AppDelegate.m */,
			);
			path = AppDelegate;
			sourceTree = "<group>";
		};
		F4DCD9901FCD513B0097ADFC /* Foundation */ = {
			isa = PBXGroup;
			children = (
				F4DCD9B31FCD608A0097ADFC /* ViewModel */,
				F4DCD9991FCD519E0097ADFC /* Navigation */,
				F4DCD9911FCD519D0097ADFC /* TabBarController */,
				F4DCD9941FCD519D0097ADFC /* ViewController */,
			);
			path = Foundation;
			sourceTree = "<group>";
		};
		F4DCD9911FCD519D0097ADFC /* TabBarController */ = {
			isa = PBXGroup;
			children = (
				F4DCD9931FCD519D0097ADFC /* SJTabBarController.h */,
				F4DCD9921FCD519D0097ADFC /* SJTabBarController.m */,
			);
			path = TabBarController;
			sourceTree = "<group>";
		};
		F4DCD9941FCD519D0097ADFC /* ViewController */ = {
			isa = PBXGroup;
			children = (
				F4DCD9961FCD519D0097ADFC /* SJTableViewController.h */,
				F4DCD9981FCD519D0097ADFC /* SJTableViewController.m */,
				F4DCD9971FCD519D0097ADFC /* SJBaseViewController.h */,
				F4DCD9951FCD519D0097ADFC /* SJBaseViewController.m */,
			);
			path = ViewController;
			sourceTree = "<group>";
		};
		F4DCD9991FCD519E0097ADFC /* Navigation */ = {
			isa = PBXGroup;
			children = (
				F4DCD99A1FCD519E0097ADFC /* SJNavigationController.h */,
				F4DCD99B1FCD519E0097ADFC /* SJNavigationController.m */,
			);
			path = Navigation;
			sourceTree = "<group>";
		};
		F4DCD9A01FCD51D20097ADFC /* Macro */ = {
			isa = PBXGroup;
			children = (
				F4DCD9A11FCD51FB0097ADFC /* SJAppFunc.h */,
			);
			path = Macro;
			sourceTree = "<group>";
		};
		F4DCD9A21FCD52200097ADFC /* Tools */ = {
			isa = PBXGroup;
			children = (
				F4DCD9A31FCD52350097ADFC /* Categorys */,
			);
			path = Tools;
			sourceTree = "<group>";
		};
		F4DCD9A31FCD52350097ADFC /* Categorys */ = {
			isa = PBXGroup;
			children = (
				F4DCD9A41FCD52350097ADFC /* NSString+SJ.h */,
				F4DCD9A51FCD52350097ADFC /* UIImage+SJ.m */,
				F4DCD9A61FCD52350097ADFC /* NSString+SJ.m */,
				F4DCD9A71FCD52350097ADFC /* UIImage+SJ.h */,
			);
			path = Categorys;
			sourceTree = "<group>";
		};
		F4DCD9AA1FCD53D00097ADFC /* Modules */ = {
			isa = PBXGroup;
			children = (
				F4DCD9AB1FCD53DA0097ADFC /* Login */,
			);
			path = Modules;
			sourceTree = "<group>";
		};
		F4DCD9AB1FCD53DA0097ADFC /* Login */ = {
			isa = PBXGroup;
			children = (
				F4DCD9B21FCD60760097ADFC /* ViewModel */,
				F4DCD9AC1FCD53E00097ADFC /* Controller */,
			);
			path = Login;
			sourceTree = "<group>";
		};
		F4DCD9AC1FCD53E00097ADFC /* Controller */ = {
			isa = PBXGroup;
			children = (
				F4DCD9AD1FCD54200097ADFC /* SJLoginViewController.h */,
				F4DCD9AE1FCD54200097ADFC /* SJLoginViewController.m */,
				F4DCD9AF1FCD54200097ADFC /* SJLoginViewController.xib */,
			);
			path = Controller;
			sourceTree = "<group>";
		};
		F4DCD9B21FCD60760097ADFC /* ViewModel */ = {
			isa = PBXGroup;
			children = (
				F4DCD9B71FCD60AE0097ADFC /* SJLoginViewModel.h */,
				F4DCD9B81FCD60AE0097ADFC /* SJLoginViewModel.m */,
			);
			path = ViewModel;
			sourceTree = "<group>";
		};
		F4DCD9B31FCD608A0097ADFC /* ViewModel */ = {
			isa = PBXGroup;
			children = (
				F4DCD9B41FCD60990097ADFC /* SJBaseViewModel.h */,
				F4DCD9B51FCD60990097ADFC /* SJBaseViewModel.m */,
			);
			path = ViewModel;
			sourceTree = "<group>";
		};
/* End PBXGroup section */

/* Begin PBXNativeTarget section */
		F4DCD9721FCD4C660097ADFC /* SJInstantMessage */ = {
			isa = PBXNativeTarget;
			buildConfigurationList = F4DCD9891FCD4C660097ADFC /* Build configuration list for PBXNativeTarget "SJInstantMessage" */;
			buildPhases = (
				C32B8B59E838DEDE65AFE433 /* [CP] Check Pods Manifest.lock */,
				F4DCD96F1FCD4C660097ADFC /* Sources */,
				F4DCD9701FCD4C660097ADFC /* Frameworks */,
				F4DCD9711FCD4C660097ADFC /* Resources */,
				D3ADD0DEF7B356B459366F1A /* [CP] Embed Pods Frameworks */,
				807DC056067374D079ECAA7D /* [CP] Copy Pods Resources */,
			);
			buildRules = (
			);
			dependencies = (
			);
			name = SJInstantMessage;
			productName = SJInstantMessage;
			productReference = F4DCD9731FCD4C660097ADFC /* SJInstantMessage.app */;
			productType = "com.apple.product-type.application";
		};
/* End PBXNativeTarget section */

/* Begin PBXProject section */
		F4DCD96B1FCD4C660097ADFC /* Project object */ = {
			isa = PBXProject;
			attributes = {
				CLASSPREFIX = SJ;
				LastUpgradeCheck = 0910;
				ORGANIZATIONNAME = SoulJa;
				TargetAttributes = {
					F4DCD9721FCD4C660097ADFC = {
						CreatedOnToolsVersion = 9.1;
						ProvisioningStyle = Manual;
						SystemCapabilities = {
							com.apple.Push = {
								enabled = 1;
							};
						};
					};
				};
			};
			buildConfigurationList = F4DCD96E1FCD4C660097ADFC /* Build configuration list for PBXProject "SJInstantMessage" */;
			compatibilityVersion = "Xcode 8.0";
			developmentRegion = en;
			hasScannedForEncodings = 0;
			knownRegions = (
				en,
				Base,
			);
			mainGroup = F4DCD96A1FCD4C660097ADFC;
			productRefGroup = F4DCD9741FCD4C660097ADFC /* Products */;
			projectDirPath = "";
			projectRoot = "";
			targets = (
				F4DCD9721FCD4C660097ADFC /* SJInstantMessage */,
			);
		};
/* End PBXProject section */

/* Begin PBXResourcesBuildPhase section */
		F4DCD9711FCD4C660097ADFC /* Resources */ = {
			isa = PBXResourcesBuildPhase;
			buildActionMask = 2147483647;
			files = (
				F4DCD9831FCD4C660097ADFC /* LaunchScreen.storyboard in Resources */,
				F4DCD9801FCD4C660097ADFC /* Assets.xcassets in Resources */,
				F4DCD97E1FCD4C660097ADFC /* Main.storyboard in Resources */,
				F4DCD9B11FCD54200097ADFC /* SJLoginViewController.xib in Resources */,
			);
			runOnlyForDeploymentPostprocessing = 0;
		};
/* End PBXResourcesBuildPhase section */

/* Begin PBXShellScriptBuildPhase section */
		807DC056067374D079ECAA7D /* [CP] Copy Pods Resources */ = {
			isa = PBXShellScriptBuildPhase;
			buildActionMask = 2147483647;
			files = (
			);
			inputPaths = (
			);
			name = "[CP] Copy Pods Resources";
			outputPaths = (
			);
			runOnlyForDeploymentPostprocessing = 0;
			shellPath = /bin/sh;
			shellScript = "\"${SRCROOT}/Pods/Target Support Files/Pods-SJInstantMessage/Pods-SJInstantMessage-resources.sh\"\n";
			showEnvVarsInLog = 0;
		};
		C32B8B59E838DEDE65AFE433 /* [CP] Check Pods Manifest.lock */ = {
			isa = PBXShellScriptBuildPhase;
			buildActionMask = 2147483647;
			files = (
			);
			inputPaths = (
				"${PODS_PODFILE_DIR_PATH}/Podfile.lock",
				"${PODS_ROOT}/Manifest.lock",
			);
			name = "[CP] Check Pods Manifest.lock";
			outputPaths = (
				"$(DERIVED_FILE_DIR)/Pods-SJInstantMessage-checkManifestLockResult.txt",
			);
			runOnlyForDeploymentPostprocessing = 0;
			shellPath = /bin/sh;
			shellScript = "diff \"${PODS_PODFILE_DIR_PATH}/Podfile.lock\" \"${PODS_ROOT}/Manifest.lock\" > /dev/null\nif [ $? != 0 ] ; then\n    # print error to STDERR\n    echo \"error: The sandbox is not in sync with the Podfile.lock. Run 'pod install' or update your CocoaPods installation.\" >&2\n    exit 1\nfi\n# This output is used by Xcode 'outputs' to avoid re-running this script phase.\necho \"SUCCESS\" > \"${SCRIPT_OUTPUT_FILE_0}\"\n";
			showEnvVarsInLog = 0;
		};
		D3ADD0DEF7B356B459366F1A /* [CP] Embed Pods Frameworks */ = {
			isa = PBXShellScriptBuildPhase;
			buildActionMask = 2147483647;
			files = (
			);
			inputPaths = (
				"${SRCROOT}/Pods/Target Support Files/Pods-SJInstantMessage/Pods-SJInstantMessage-frameworks.sh",
				"${BUILT_PRODUCTS_DIR}/AFNetworking/AFNetworking.framework",
				"${PODS_ROOT}/HyphenateLite/ios_IM_HyphenateLite_sdk_3.3.6/HyphenateSDK/HyphenateLite.framework",
				"${BUILT_PRODUCTS_DIR}/IQKeyboardManager/IQKeyboardManager.framework",
				"${BUILT_PRODUCTS_DIR}/MBProgressHUD/MBProgressHUD.framework",
				"${BUILT_PRODUCTS_DIR}/MJRefresh/MJRefresh.framework",
				"${BUILT_PRODUCTS_DIR}/Masonry/Masonry.framework",
				"${BUILT_PRODUCTS_DIR}/ReactiveObjC/ReactiveObjC.framework",
				"${BUILT_PRODUCTS_DIR}/YYModel/YYModel.framework",
			);
			name = "[CP] Embed Pods Frameworks";
			outputPaths = (
				"${TARGET_BUILD_DIR}/${FRAMEWORKS_FOLDER_PATH}/AFNetworking.framework",
				"${TARGET_BUILD_DIR}/${FRAMEWORKS_FOLDER_PATH}/HyphenateLite.framework",
				"${TARGET_BUILD_DIR}/${FRAMEWORKS_FOLDER_PATH}/IQKeyboardManager.framework",
				"${TARGET_BUILD_DIR}/${FRAMEWORKS_FOLDER_PATH}/MBProgressHUD.framework",
				"${TARGET_BUILD_DIR}/${FRAMEWORKS_FOLDER_PATH}/MJRefresh.framework",
				"${TARGET_BUILD_DIR}/${FRAMEWORKS_FOLDER_PATH}/Masonry.framework",
				"${TARGET_BUILD_DIR}/${FRAMEWORKS_FOLDER_PATH}/ReactiveObjC.framework",
				"${TARGET_BUILD_DIR}/${FRAMEWORKS_FOLDER_PATH}/YYModel.framework",
			);
			runOnlyForDeploymentPostprocessing = 0;
			shellPath = /bin/sh;
			shellScript = "\"${SRCROOT}/Pods/Target Support Files/Pods-SJInstantMessage/Pods-SJInstantMessage-frameworks.sh\"\n";
			showEnvVarsInLog = 0;
		};
/* End PBXShellScriptBuildPhase section */

/* Begin PBXSourcesBuildPhase section */
		F4DCD96F1FCD4C660097ADFC /* Sources */ = {
			isa = PBXSourcesBuildPhase;
			buildActionMask = 2147483647;
			files = (
				F4DCD9B01FCD54200097ADFC /* SJLoginViewController.m in Sources */,
				F4DCD9A91FCD52350097ADFC /* NSString+SJ.m in Sources */,
				F4DCD9A81FCD52350097ADFC /* UIImage+SJ.m in Sources */,
				F4DCD99F1FCD519E0097ADFC /* SJNavigationController.m in Sources */,
				F4DCD99E1FCD519E0097ADFC /* SJTableViewController.m in Sources */,
				F4DCD99D1FCD519E0097ADFC /* SJBaseViewController.m in Sources */,
				F4DCD9B61FCD60990097ADFC /* SJBaseViewModel.m in Sources */,
				F4DCD9861FCD4C660097ADFC /* main.m in Sources */,
				F4DCD9781FCD4C660097ADFC /* AppDelegate.m in Sources */,
				F4DCD9B91FCD60AE0097ADFC /* SJLoginViewModel.m in Sources */,
				F4DCD99C1FCD519E0097ADFC /* SJTabBarController.m in Sources */,
			);
			runOnlyForDeploymentPostprocessing = 0;
		};
/* End PBXSourcesBuildPhase section */

/* Begin PBXVariantGroup section */
		F4DCD97C1FCD4C660097ADFC /* Main.storyboard */ = {
			isa = PBXVariantGroup;
			children = (
				F4DCD97D1FCD4C660097ADFC /* Base */,
			);
			name = Main.storyboard;
			sourceTree = "<group>";
		};
		F4DCD9811FCD4C660097ADFC /* LaunchScreen.storyboard */ = {
			isa = PBXVariantGroup;
			children = (
				F4DCD9821FCD4C660097ADFC /* Base */,
			);
			name = LaunchScreen.storyboard;
			sourceTree = "<group>";
		};
/* End PBXVariantGroup section */

/* Begin XCBuildConfiguration section */
		F4DCD9871FCD4C660097ADFC /* Debug */ = {
			isa = XCBuildConfiguration;
			buildSettings = {
				ALWAYS_SEARCH_USER_PATHS = NO;
				CLANG_ANALYZER_NONNULL = YES;
				CLANG_ANALYZER_NUMBER_OBJECT_CONVERSION = YES_AGGRESSIVE;
				CLANG_CXX_LANGUAGE_STANDARD = "gnu++14";
				CLANG_CXX_LIBRARY = "libc++";
				CLANG_ENABLE_MODULES = YES;
				CLANG_ENABLE_OBJC_ARC = YES;
				CLANG_WARN_BLOCK_CAPTURE_AUTORELEASING = YES;
				CLANG_WARN_BOOL_CONVERSION = YES;
				CLANG_WARN_COMMA = YES;
				CLANG_WARN_CONSTANT_CONVERSION = YES;
				CLANG_WARN_DIRECT_OBJC_ISA_USAGE = YES_ERROR;
				CLANG_WARN_DOCUMENTATION_COMMENTS = YES;
				CLANG_WARN_EMPTY_BODY = YES;
				CLANG_WARN_ENUM_CONVERSION = YES;
				CLANG_WARN_INFINITE_RECURSION = YES;
				CLANG_WARN_INT_CONVERSION = YES;
				CLANG_WARN_NON_LITERAL_NULL_CONVERSION = YES;
				CLANG_WARN_OBJC_LITERAL_CONVERSION = YES;
				CLANG_WARN_OBJC_ROOT_CLASS = YES_ERROR;
				CLANG_WARN_RANGE_LOOP_ANALYSIS = YES;
				CLANG_WARN_STRICT_PROTOTYPES = YES;
				CLANG_WARN_SUSPICIOUS_MOVE = YES;
				CLANG_WARN_UNGUARDED_AVAILABILITY = YES_AGGRESSIVE;
				CLANG_WARN_UNREACHABLE_CODE = YES;
				CLANG_WARN__DUPLICATE_METHOD_MATCH = YES;
				CODE_SIGN_IDENTITY = "iPhone Developer";
				COPY_PHASE_STRIP = NO;
				DEBUG_INFORMATION_FORMAT = dwarf;
				ENABLE_STRICT_OBJC_MSGSEND = YES;
				ENABLE_TESTABILITY = YES;
				GCC_C_LANGUAGE_STANDARD = gnu11;
				GCC_DYNAMIC_NO_PIC = NO;
				GCC_NO_COMMON_BLOCKS = YES;
				GCC_OPTIMIZATION_LEVEL = 0;
				GCC_PREPROCESSOR_DEFINITIONS = (
					"DEBUG=1",
					"$(inherited)",
				);
				GCC_WARN_64_TO_32_BIT_CONVERSION = YES;
				GCC_WARN_ABOUT_RETURN_TYPE = YES_ERROR;
				GCC_WARN_UNDECLARED_SELECTOR = YES;
				GCC_WARN_UNINITIALIZED_AUTOS = YES_AGGRESSIVE;
				GCC_WARN_UNUSED_FUNCTION = YES;
				GCC_WARN_UNUSED_VARIABLE = YES;
				IPHONEOS_DEPLOYMENT_TARGET = 8.0;
				MTL_ENABLE_DEBUG_INFO = YES;
				ONLY_ACTIVE_ARCH = YES;
				SDKROOT = iphoneos;
			};
			name = Debug;
		};
		F4DCD9881FCD4C660097ADFC /* Release */ = {
			isa = XCBuildConfiguration;
			buildSettings = {
				ALWAYS_SEARCH_USER_PATHS = NO;
				CLANG_ANALYZER_NONNULL = YES;
				CLANG_ANALYZER_NUMBER_OBJECT_CONVERSION = YES_AGGRESSIVE;
				CLANG_CXX_LANGUAGE_STANDARD = "gnu++14";
				CLANG_CXX_LIBRARY = "libc++";
				CLANG_ENABLE_MODULES = YES;
				CLANG_ENABLE_OBJC_ARC = YES;
				CLANG_WARN_BLOCK_CAPTURE_AUTORELEASING = YES;
				CLANG_WARN_BOOL_CONVERSION = YES;
				CLANG_WARN_COMMA = YES;
				CLANG_WARN_CONSTANT_CONVERSION = YES;
				CLANG_WARN_DIRECT_OBJC_ISA_USAGE = YES_ERROR;
				CLANG_WARN_DOCUMENTATION_COMMENTS = YES;
				CLANG_WARN_EMPTY_BODY = YES;
				CLANG_WARN_ENUM_CONVERSION = YES;
				CLANG_WARN_INFINITE_RECURSION = YES;
				CLANG_WARN_INT_CONVERSION = YES;
				CLANG_WARN_NON_LITERAL_NULL_CONVERSION = YES;
				CLANG_WARN_OBJC_LITERAL_CONVERSION = YES;
				CLANG_WARN_OBJC_ROOT_CLASS = YES_ERROR;
				CLANG_WARN_RANGE_LOOP_ANALYSIS = YES;
				CLANG_WARN_STRICT_PROTOTYPES = YES;
				CLANG_WARN_SUSPICIOUS_MOVE = YES;
				CLANG_WARN_UNGUARDED_AVAILABILITY = YES_AGGRESSIVE;
				CLANG_WARN_UNREACHABLE_CODE = YES;
				CLANG_WARN__DUPLICATE_METHOD_MATCH = YES;
				CODE_SIGN_IDENTITY = "iPhone Developer";
				COPY_PHASE_STRIP = NO;
				DEBUG_INFORMATION_FORMAT = "dwarf-with-dsym";
				ENABLE_NS_ASSERTIONS = NO;
				ENABLE_STRICT_OBJC_MSGSEND = YES;
				GCC_C_LANGUAGE_STANDARD = gnu11;
				GCC_NO_COMMON_BLOCKS = YES;
				GCC_WARN_64_TO_32_BIT_CONVERSION = YES;
				GCC_WARN_ABOUT_RETURN_TYPE = YES_ERROR;
				GCC_WARN_UNDECLARED_SELECTOR = YES;
				GCC_WARN_UNINITIALIZED_AUTOS = YES_AGGRESSIVE;
				GCC_WARN_UNUSED_FUNCTION = YES;
				GCC_WARN_UNUSED_VARIABLE = YES;
				IPHONEOS_DEPLOYMENT_TARGET = 8.0;
				MTL_ENABLE_DEBUG_INFO = NO;
				SDKROOT = iphoneos;
				VALIDATE_PRODUCT = YES;
			};
			name = Release;
		};
		F4DCD98A1FCD4C660097ADFC /* Debug */ = {
			isa = XCBuildConfiguration;
			baseConfigurationReference = 093DEC0A9BEC9962CC5C7C9F /* Pods-SJInstantMessage.debug.xcconfig */;
			buildSettings = {
				ASSETCATALOG_COMPILER_APPICON_NAME = AppIcon;
				CODE_SIGN_ENTITLEMENTS = SJInstantMessage/SJInstantMessage.entitlements;
				CODE_SIGN_STYLE = Manual;
				DEVELOPMENT_TEAM = 6V3H2BMVZC;
				INFOPLIST_FILE = "$(SRCROOT)/SJInstantMessage/Resources/Info.plist";
				LD_RUNPATH_SEARCH_PATHS = "$(inherited) @executable_path/Frameworks";
				PRODUCT_BUNDLE_IDENTIFIER = com.soulja.SJInstantMessage;
				PRODUCT_NAME = "$(TARGET_NAME)";
				PROVISIONING_PROFILE = "0c587c2b-60cc-41a0-bdd6-f53ee62317d0";
				PROVISIONING_PROFILE_SPECIFIER = SJInstantMessage_develop;
				TARGETED_DEVICE_FAMILY = 1;
			};
			name = Debug;
		};
		F4DCD98B1FCD4C660097ADFC /* Release */ = {
			isa = XCBuildConfiguration;
			baseConfigurationReference = 4A15C05EBD15EC2F6F95069A /* Pods-SJInstantMessage.release.xcconfig */;
			buildSettings = {
				ASSETCATALOG_COMPILER_APPICON_NAME = AppIcon;
				CODE_SIGN_ENTITLEMENTS = SJInstantMessage/SJInstantMessage.entitlements;
				"CODE_SIGN_IDENTITY[sdk=iphoneos*]" = "iPhone Distribution";
				CODE_SIGN_STYLE = Manual;
				DEVELOPMENT_TEAM = 6V3H2BMVZC;
				INFOPLIST_FILE = "$(SRCROOT)/SJInstantMessage/Resources/Info.plist";
				LD_RUNPATH_SEARCH_PATHS = "$(inherited) @executable_path/Frameworks";
				PRODUCT_BUNDLE_IDENTIFIER = com.soulja.SJInstantMessage;
				PRODUCT_NAME = "$(TARGET_NAME)";
				PROVISIONING_PROFILE = "1f258ce2-4dd0-491f-90e5-b2685f4ba153";
				PROVISIONING_PROFILE_SPECIFIER = SJInstantMessage_distribution;
				TARGETED_DEVICE_FAMILY = 1;
			};
			name = Release;
		};
/* End XCBuildConfiguration section */

/* Begin XCConfigurationList section */
		F4DCD96E1FCD4C660097ADFC /* Build configuration list for PBXProject "SJInstantMessage" */ = {
			isa = XCConfigurationList;
			buildConfigurations = (
				F4DCD9871FCD4C660097ADFC /* Debug */,
				F4DCD9881FCD4C660097ADFC /* Release */,
			);
			defaultConfigurationIsVisible = 0;
			defaultConfigurationName = Release;
		};
		F4DCD9891FCD4C660097ADFC /* Build configuration list for PBXNativeTarget "SJInstantMessage" */ = {
			isa = XCConfigurationList;
			buildConfigurations = (
				F4DCD98A1FCD4C660097ADFC /* Debug */,
				F4DCD98B1FCD4C660097ADFC /* Release */,
			);
			defaultConfigurationIsVisible = 0;
			defaultConfigurationName = Release;
		};
/* End XCConfigurationList section */
	};
	rootObject = F4DCD96B1FCD4C660097ADFC /* Project object */;
}
